
Microsoft Visual Studio Solution File, Format Version 12.00
Project("{FAE04EC0-301F-11D3-BF4B-00C04F79EFBC}") = "ProductSearch.Api", "ProductSearch.Api\ProductSearch.Api.csproj", "{52F44F5A-9188-4D0A-8B34-ECB4A8B8C33A}"
EndProject
Project("{FAE04EC0-301F-11D3-BF4B-00C04F79EFBC}") = "ProductSearch.Application", "ProductSearch.Application\ProductSearch.Application.csproj", "{B0CD1381-2713-4E8A-A4A1-93BA393CDBD2}"
EndProject
Project("{FAE04EC0-301F-11D3-BF4B-00C04F79EFBC}") = "ProductSearch.Infrastructure", "ProductSearch.Infrastructure\ProductSearch.Infrastructure.csproj", "{DE050E7D-373B-4D46-AB50-A6468F8F81F9}"
EndProject
Project("{FAE04EC0-301F-11D3-BF4B-00C04F79EFBC}") = "ProductSearch.Domain", "ProductSearch.Domain\ProductSearch.Domain.csproj", "{DF950F3B-D477-4478-97DB-BA120D1A97CE}"
EndProject
Project("{FAE04EC0-301F-11D3-BF4B-00C04F79EFBC}") = "ProductSearch.Tests", "ProductSearch.Tests\ProductSearch.Tests.csproj", "{71EFAEE3-8989-4C07-916A-E514CA977B4A}"
EndProject
Global
	GlobalSection(SolutionConfigurationPlatforms) = preSolution
		Debug|Any CPU = Debug|Any CPU
		Release|Any CPU = Release|Any CPU
	EndGlobalSection
	GlobalSection(ProjectConfigurationPlatforms) = postSolution
		{52F44F5A-9188-4D0A-8B34-ECB4A8B8C33A}.Debug|Any CPU.ActiveCfg = Debug|Any CPU
		{52F44F5A-9188-4D0A-8B34-ECB4A8B8C33A}.Debug|Any CPU.Build.0 = Debug|Any CPU
		{52F44F5A-9188-4D0A-8B34-ECB4A8B8C33A}.Release|Any CPU.ActiveCfg = Release|Any CPU
		{52F44F5A-9188-4D0A-8B34-ECB4A8B8C33A}.Release|Any CPU.Build.0 = Release|Any CPU
		{B0CD1381-2713-4E8A-A4A1-93BA393CDBD2}.Debug|Any CPU.ActiveCfg = Debug|Any CPU
		{B0CD1381-2713-4E8A-A4A1-93BA393CDBD2}.Debug|Any CPU.Build.0 = Debug|Any CPU
		{B0CD1381-2713-4E8A-A4A1-93BA393CDBD2}.Release|Any CPU.ActiveCfg = Release|Any CPU
		{B0CD1381-2713-4E8A-A4A1-93BA393CDBD2}.Release|Any CPU.Build.0 = Release|Any CPU
		{DE050E7D-373B-4D46-AB50-A6468F8F81F9}.Debug|Any CPU.ActiveCfg = Debug|Any CPU
		{DE050E7D-373B-4D46-AB50-A6468F8F81F9}.Debug|Any CPU.Build.0 = Debug|Any CPU
		{DE050E7D-373B-4D46-AB50-A6468F8F81F9}.Release|Any CPU.ActiveCfg = Release|Any CPU
		{DE050E7D-373B-4D46-AB50-A6468F8F81F9}.Release|Any CPU.Build.0 = Release|Any CPU
		{DF950F3B-D477-4478-97DB-BA120D1A97CE}.Debug|Any CPU.ActiveCfg = Debug|Any CPU
		{DF950F3B-D477-4478-97DB-BA120D1A97CE}.Debug|Any CPU.Build.0 = Debug|Any CPU
		{DF950F3B-D477-4478-97DB-BA120D1A97CE}.Release|Any CPU.ActiveCfg = Release|Any CPU
		{DF950F3B-D477-4478-97DB-BA120D1A97CE}.Release|Any CPU.Build.0 = Release|Any CPU
		{71EFAEE3-8989-4C07-916A-E514CA977B4A}.Debug|Any CPU.ActiveCfg = Debug|Any CPU
		{71EFAEE3-8989-4C07-916A-E514CA977B4A}.Debug|Any CPU.Build.0 = Debug|Any CPU
		{71EFAEE3-8989-4C07-916A-E514CA977B4A}.Release|Any CPU.ActiveCfg = Release|Any CPU
		{71EFAEE3-8989-4C07-916A-E514CA977B4A}.Release|Any CPU.Build.0 = Release|Any CPU
	EndGlobalSection
EndGlobal
